
Microsoft Visual Studio Solution File, Format Version 12.00
# Visual Studio Version 16
VisualStudioVersion = 16.0.30309.148
MinimumVisualStudioVersion = 10.0.40219.1
Project("{FAE04EC0-301F-11D3-BF4B-00C04F79EFBC}") = "ContactManager.Hosts", "src\ContactManager.Hosts\ContactManager.Hosts.csproj", "{0FD76698-1D2B-4CBF-85D4-5B76FBF6D4B2}"
EndProject
Project("{FAE04EC0-301F-11D3-BF4B-00C04F79EFBC}") = "ContactManager.Core", "ContactManager.Core\ContactManager.Core.csproj", "{77B3A502-4C00-4227-913C-900D3964A413}"
EndProject
Project("{FAE04EC0-301F-11D3-BF4B-00C04F79EFBC}") = "ContactManager.Tests", "tests\ContactManager.Tests\ContactManager.Tests.csproj", "{DC824EBC-DC07-42F5-AFA3-5F6B87ECE9A0}"
EndProject
Global
	GlobalSection(SolutionConfigurationPlatforms) = preSolution
		Debug|Any CPU = Debug|Any CPU
		Release|Any CPU = Release|Any CPU
	EndGlobalSection
	GlobalSection(ProjectConfigurationPlatforms) = postSolution
		{0FD76698-1D2B-4CBF-85D4-5B76FBF6D4B2}.Debug|Any CPU.ActiveCfg = Debug|Any CPU
		{0FD76698-1D2B-4CBF-85D4-5B76FBF6D4B2}.Debug|Any CPU.Build.0 = Debug|Any CPU
		{0FD76698-1D2B-4CBF-85D4-5B76FBF6D4B2}.Release|Any CPU.ActiveCfg = Release|Any CPU
		{0FD76698-1D2B-4CBF-85D4-5B76FBF6D4B2}.Release|Any CPU.Build.0 = Release|Any CPU
		{77B3A502-4C00-4227-913C-900D3964A413}.Debug|Any CPU.ActiveCfg = Debug|Any CPU
		{77B3A502-4C00-4227-913C-900D3964A413}.Debug|Any CPU.Build.0 = Debug|Any CPU
		{77B3A502-4C00-4227-913C-900D3964A413}.Release|Any CPU.ActiveCfg = Release|Any CPU
		{77B3A502-4C00-4227-913C-900D3964A413}.Release|Any CPU.Build.0 = Release|Any CPU
		{DC824EBC-DC07-42F5-AFA3-5F6B87ECE9A0}.Debug|Any CPU.ActiveCfg = Debug|Any CPU
		{DC824EBC-DC07-42F5-AFA3-5F6B87ECE9A0}.Debug|Any CPU.Build.0 = Debug|Any CPU
		{DC824EBC-DC07-42F5-AFA3-5F6B87ECE9A0}.Release|Any CPU.ActiveCfg = Release|Any CPU
		{DC824EBC-DC07-42F5-AFA3-5F6B87ECE9A0}.Release|Any CPU.Build.0 = Release|Any CPU
	EndGlobalSection
	GlobalSection(SolutionProperties) = preSolution
		HideSolutionNode = FALSE
	EndGlobalSection
	GlobalSection(ExtensibilityGlobals) = postSolution
		SolutionGuid = {2C0E18B8-B673-4446-9788-3A27979CF74C}
	EndGlobalSection
EndGlobal
